
Microsoft Visual Studio Solution File, Format Version 12.00
# Visual Studio Version 16
VisualStudioVersion = 16.0.29519.87
MinimumVisualStudioVersion = 10.0.40219.1
Project("{FAE04EC0-301F-11D3-BF4B-00C04F79EFBC}") = "EmailLookup", "EmailLookup\EmailLookup.csproj", "{E43B3C15-6E6E-469F-AF93-7E12C270238D}"
EndProject
Global
	GlobalSection(SolutionConfigurationPlatforms) = preSolution
		Debug|Any CPU = Debug|Any CPU
		Release|Any CPU = Release|Any CPU
	EndGlobalSection
	GlobalSection(ProjectConfigurationPlatforms) = postSolution
		{E43B3C15-6E6E-469F-AF93-7E12C270238D}.Debug|Any CPU.ActiveCfg = Debug|Any CPU
		{E43B3C15-6E6E-469F-AF93-7E12C270238D}.Debug|Any CPU.Build.0 = Debug|Any CPU
		{E43B3C15-6E6E-469F-AF93-7E12C270238D}.Release|Any CPU.ActiveCfg = Release|Any CPU
		{E43B3C15-6E6E-469F-AF93-7E12C270238D}.Release|Any CPU.Build.0 = Release|Any CPU
	EndGlobalSection
	GlobalSection(SolutionProperties) = preSolution
		HideSolutionNode = FALSE
	EndGlobalSection
	GlobalSection(ExtensibilityGlobals) = postSolution
		SolutionGuid = {8F96B407-A5F7-4A90-B9DE-E5AA63B86C6A}
	EndGlobalSection
EndGlobal
